{
  "name": "quantum",
  "lockfileVersion": 3,
  "requires": true,
  "packages": {
    "": {
      "name": "quantum",
      "dependencies": {
        "pidusage": "^3.0.2"
      },
      "devDependencies": {
        "@types/pidusage": "^2.0.5",
        "bun-types": "latest",
        "chalk": "^5.3.0",
        "prettier": "^3.1.0"
      },
      "peerDependencies": {
        "typescript": "^5.0.0"
      }
    },
    "node_modules/@types/pidusage": {
      "version": "2.0.5",
      "resolved": "https://registry.npmjs.org/@types/pidusage/-/pidusage-2.0.5.tgz",
      "integrity": "sha512-MIiyZI4/MK9UGUXWt0jJcCZhVw7YdhBuTOuqP/BjuLDLZ2PmmViMIQgZiWxtaMicQfAz/kMrZ5T7PKxFSkTeUA==",
      "dev": true
    },
    "node_modules/bun-types": {
      "version": "1.0.13",
      "resolved": "https://registry.npmjs.org/bun-types/-/bun-types-1.0.13.tgz",
      "integrity": "sha512-QQH6NLAOU+2tWgQuDSAYBFy+kQwVhPJLB0Q38QLjCmFUZJEYCiiq7tzvU784LAIX2onzO6gr+gIGXt8yCt0cJw==",
      "dev": true
    },
    "node_modules/chalk": {
      "version": "5.3.0",
      "dev": true,
      "license": "MIT",
      "engines": {
        "node": "^12.17.0 || ^14.13 || >=16.0.0"
      },
      "funding": {
        "url": "https://github.com/chalk/chalk?sponsor=1"
      }
    },
    "node_modules/pidusage": {
      "version": "3.0.2",
      "license": "MIT",
      "dependencies": {
        "safe-buffer": "^5.2.1"
      },
      "engines": {
        "node": ">=10"
      }
    },
    "node_modules/prettier": {
      "version": "3.1.0",
      "dev": true,
      "license": "MIT",
      "bin": {
        "prettier": "bin/prettier.cjs"
      },
      "engines": {
        "node": ">=14"
      },
      "funding": {
        "url": "https://github.com/prettier/prettier?sponsor=1"
      }
    },
    "node_modules/safe-buffer": {
      "version": "5.2.1",
      "funding": [
        {
          "type": "github",
          "url": "https://github.com/sponsors/feross"
        },
        {
          "type": "patreon",
          "url": "https://www.patreon.com/feross"
        },
        {
          "type": "consulting",
          "url": "https://feross.org/support"
        }
      ],
      "license": "MIT"
    },
    "node_modules/typescript": {
      "version": "5.3.2",
      "license": "Apache-2.0",
      "peer": true,
      "bin": {
        "tsc": "bin/tsc",
        "tsserver": "bin/tsserver"
      },
      "engines": {
        "node": ">=14.17"
      }
    }
  }
}
